{
  "name": "fit-journal",
  "lockfileVersion": 3,
  "requires": true,
  "packages": {
    "": {
      "dependencies": {
        "@react-input/mask": "^2.0.4"
      }
    },
    "node_modules/@react-input/core": {
      "version": "2.0.2",
      "resolved": "https://registry.npmjs.org/@react-input/core/-/core-2.0.2.tgz",
      "integrity": "sha512-xLLBueYFbant9308uv3cIJQz5NYSixeGspjP3Nt6jogRHTcHYMRmlVFUuSzQiP8Z8/5BdnPkudRSsN0/AJ1fbw==",
      "license": "MIT",
      "funding": {
        "type": "opencollective",
        "url": "https://opencollective.com/react-input"
      },
      "peerDependencies": {
        "@types/react": ">=16.8",
        "react": ">=16.8 || ^19.0.0-rc",
        "react-dom": ">=16.8 || ^19.0.0-rc"
      },
      "peerDependenciesMeta": {
        "@types/react": {
          "optional": true
        }
      }
    },
    "node_modules/@react-input/mask": {
      "version": "2.0.4",
      "resolved": "https://registry.npmjs.org/@react-input/mask/-/mask-2.0.4.tgz",
      "integrity": "sha512-NOielvQSBOlGLVuEcxtkjaGneC0GJFXjC7KOF99ed9H9XSDruWnQirjht5uSbWqLeeiOup0VD2YjM+6FH+aWBg==",
      "license": "MIT",
      "dependencies": {
        "@react-input/core": "^2.0.2"
      },
      "funding": {
        "type": "opencollective",
        "url": "https://opencollective.com/react-input"
      },
      "peerDependencies": {
        "@types/react": ">=16.8",
        "react": ">=16.8 || ^19.0.0-rc",
        "react-dom": ">=16.8 || ^19.0.0-rc"
      },
      "peerDependenciesMeta": {
        "@types/react": {
          "optional": true
        }
      }
    },
    "node_modules/react": {
      "version": "19.1.1",
      "resolved": "https://registry.npmjs.org/react/-/react-19.1.1.tgz",
      "integrity": "sha512-w8nqGImo45dmMIfljjMwOGtbmC/mk4CMYhWIicdSflH91J9TyCyczcPFXJzrZ/ZXcgGRFeP6BU0BEJTw6tZdfQ==",
      "license": "MIT",
      "peer": true,
      "engines": {
        "node": ">=0.10.0"
      }
    },
    "node_modules/react-dom": {
      "version": "19.1.1",
      "resolved": "https://registry.npmjs.org/react-dom/-/react-dom-19.1.1.tgz",
      "integrity": "sha512-Dlq/5LAZgF0Gaz6yiqZCf6VCcZs1ghAJyrsu84Q/GT0gV+mCxbfmKNoGRKBYMJ8IEdGPqu49YWXD02GCknEDkw==",
      "license": "MIT",
      "peer": true,
      "dependencies": {
        "scheduler": "^0.26.0"
      },
      "peerDependencies": {
        "react": "^19.1.1"
      }
    },
    "node_modules/scheduler": {
      "version": "0.26.0",
      "resolved": "https://registry.npmjs.org/scheduler/-/scheduler-0.26.0.tgz",
      "integrity": "sha512-NlHwttCI/l5gCPR3D1nNXtWABUmBwvZpEQiD4IXSbIDq8BzLIK/7Ir5gTFSGZDUu37K5cMNp0hFtzO38sC7gWA==",
      "license": "MIT",
      "peer": true
    }
  }
}
