# THIS IS AN AUTOGENERATED FILE. DO NOT EDIT THIS FILE DIRECTLY.
# yarn lockfile v1


"@react-input/core@^2.0.2":
  version "2.0.2"
  resolved "https://registry.yarnpkg.com/@react-input/core/-/core-2.0.2.tgz#c7094c5ab955e740d4c34777688aff54785024a1"
  integrity sha512-xLLBueYFbant9308uv3cIJQz5NYSixeGspjP3Nt6jogRHTcHYMRmlVFUuSzQiP8Z8/5BdnPkudRSsN0/AJ1fbw==

"@react-input/mask@^2.0.4":
  version "2.0.4"
  resolved "https://registry.yarnpkg.com/@react-input/mask/-/mask-2.0.4.tgz#0a8df2694962ac10a76a329469d91f6ed01037b8"
  integrity sha512-NOielvQSBOlGLVuEcxtkjaGneC0GJFXjC7KOF99ed9H9XSDruWnQirjht5uSbWqLeeiOup0VD2YjM+6FH+aWBg==
  dependencies:
    "@react-input/core" "^2.0.2"
